
Microsoft Visual Studio Solution File, Format Version 12.00
# Visual Studio Version 17
VisualStudioVersion = 17.7.34031.279
MinimumVisualStudioVersion = 10.0.40219.1
Project("{FAE04EC0-301F-11D3-BF4B-00C04F79EFBC}") = "LojaForms", "LojaForms\LojaForms.csproj", "{E55FCEF3-757E-43D4-8875-D2710FE995D1}"
EndProject
Global
	GlobalSection(SolutionConfigurationPlatforms) = preSolution
		Debug|Any CPU = Debug|Any CPU
		Release|Any CPU = Release|Any CPU
	EndGlobalSection
	GlobalSection(ProjectConfigurationPlatforms) = postSolution
		{E55FCEF3-757E-43D4-8875-D2710FE995D1}.Debug|Any CPU.ActiveCfg = Debug|Any CPU
		{E55FCEF3-757E-43D4-8875-D2710FE995D1}.Debug|Any CPU.Build.0 = Debug|Any CPU
		{E55FCEF3-757E-43D4-8875-D2710FE995D1}.Release|Any CPU.ActiveCfg = Release|Any CPU
		{E55FCEF3-757E-43D4-8875-D2710FE995D1}.Release|Any CPU.Build.0 = Release|Any CPU
	EndGlobalSection
	GlobalSection(SolutionProperties) = preSolution
		HideSolutionNode = FALSE
	EndGlobalSection
	GlobalSection(ExtensibilityGlobals) = postSolution
		SolutionGuid = {B83E4D44-BC51-43DB-8F6E-4EE4E0399DC5}
	EndGlobalSection
EndGlobal
